
Microsoft Visual Studio Solution File, Format Version 12.00
# Visual Studio 15
VisualStudioVersion = 15.0.28307.421
MinimumVisualStudioVersion = 10.0.40219.1
Project("{FAE04EC0-301F-11D3-BF4B-00C04F79EFBC}") = "App3.Android", "App3\App3.Android\App3.Android.csproj", "{A1C3E9CE-CBF8-440A-B887-207BFB418497}"
EndProject
Project("{FAE04EC0-301F-11D3-BF4B-00C04F79EFBC}") = "App3.iOS", "App3\App3.iOS\App3.iOS.csproj", "{64E55193-3F9D-4535-88AC-057E88789ABE}"
EndProject
Project("{FAE04EC0-301F-11D3-BF4B-00C04F79EFBC}") = "App3", "App3\App3\App3.csproj", "{92340C48-DEFB-41CB-8C23-33E3F9E6CB60}"
EndProject
Global
	GlobalSection(SolutionConfigurationPlatforms) = preSolution
		Ad-Hoc|Any CPU = Ad-Hoc|Any CPU
		Ad-Hoc|iPhone = Ad-Hoc|iPhone
		Ad-Hoc|iPhoneSimulator = Ad-Hoc|iPhoneSimulator
		AppStore|Any CPU = AppStore|Any CPU
		AppStore|iPhone = AppStore|iPhone
		AppStore|iPhoneSimulator = AppStore|iPhoneSimulator
		Debug|Any CPU = Debug|Any CPU
		Debug|iPhone = Debug|iPhone
		Debug|iPhoneSimulator = Debug|iPhoneSimulator
		Release|Any CPU = Release|Any CPU
		Release|iPhone = Release|iPhone
		Release|iPhoneSimulator = Release|iPhoneSimulator
	EndGlobalSection
	GlobalSection(ProjectConfigurationPlatforms) = postSolution
		{A1C3E9CE-CBF8-440A-B887-207BFB418497}.Ad-Hoc|Any CPU.ActiveCfg = Release|Any CPU
		{A1C3E9CE-CBF8-440A-B887-207BFB418497}.Ad-Hoc|Any CPU.Build.0 = Release|Any CPU
		{A1C3E9CE-CBF8-440A-B887-207BFB418497}.Ad-Hoc|Any CPU.Deploy.0 = Release|Any CPU
		{A1C3E9CE-CBF8-440A-B887-207BFB418497}.Ad-Hoc|iPhone.ActiveCfg = Release|Any CPU
		{A1C3E9CE-CBF8-440A-B887-207BFB418497}.Ad-Hoc|iPhone.Build.0 = Release|Any CPU
		{A1C3E9CE-CBF8-440A-B887-207BFB418497}.Ad-Hoc|iPhone.Deploy.0 = Release|Any CPU
		{A1C3E9CE-CBF8-440A-B887-207BFB418497}.Ad-Hoc|iPhoneSimulator.ActiveCfg = Release|Any CPU
		{A1C3E9CE-CBF8-440A-B887-207BFB418497}.Ad-Hoc|iPhoneSimulator.Build.0 = Release|Any CPU
		{A1C3E9CE-CBF8-440A-B887-207BFB418497}.Ad-Hoc|iPhoneSimulator.Deploy.0 = Release|Any CPU
		{A1C3E9CE-CBF8-440A-B887-207BFB418497}.AppStore|Any CPU.ActiveCfg = Release|Any CPU
		{A1C3E9CE-CBF8-440A-B887-207BFB418497}.AppStore|Any CPU.Build.0 = Release|Any CPU
		{A1C3E9CE-CBF8-440A-B887-207BFB418497}.AppStore|Any CPU.Deploy.0 = Release|Any CPU
		{A1C3E9CE-CBF8-440A-B887-207BFB418497}.AppStore|iPhone.ActiveCfg = Release|Any CPU
		{A1C3E9CE-CBF8-440A-B887-207BFB418497}.AppStore|iPhone.Build.0 = Release|Any CPU
		{A1C3E9CE-CBF8-440A-B887-207BFB418497}.AppStore|iPhone.Deploy.0 = Release|Any CPU
		{A1C3E9CE-CBF8-440A-B887-207BFB418497}.AppStore|iPhoneSimulator.ActiveCfg = Release|Any CPU
		{A1C3E9CE-CBF8-440A-B887-207BFB418497}.AppStore|iPhoneSimulator.Build.0 = Release|Any CPU
		{A1C3E9CE-CBF8-440A-B887-207BFB418497}.AppStore|iPhoneSimulator.Deploy.0 = Release|Any CPU
		{A1C3E9CE-CBF8-440A-B887-207BFB418497}.Debug|Any CPU.ActiveCfg = Debug|Any CPU
		{A1C3E9CE-CBF8-440A-B887-207BFB418497}.Debug|Any CPU.Build.0 = Debug|Any CPU
		{A1C3E9CE-CBF8-440A-B887-207BFB418497}.Debug|Any CPU.Deploy.0 = Debug|Any CPU
		{A1C3E9CE-CBF8-440A-B887-207BFB418497}.Debug|iPhone.ActiveCfg = Debug|Any CPU
		{A1C3E9CE-CBF8-440A-B887-207BFB418497}.Debug|iPhone.Build.0 = Debug|Any CPU
		{A1C3E9CE-CBF8-440A-B887-207BFB418497}.Debug|iPhone.Deploy.0 = Debug|Any CPU
		{A1C3E9CE-CBF8-440A-B887-207BFB418497}.Debug|iPhoneSimulator.ActiveCfg = Debug|Any CPU
		{A1C3E9CE-CBF8-440A-B887-207BFB418497}.Debug|iPhoneSimulator.Build.0 = Debug|Any CPU
		{A1C3E9CE-CBF8-440A-B887-207BFB418497}.Debug|iPhoneSimulator.Deploy.0 = Debug|Any CPU
		{A1C3E9CE-CBF8-440A-B887-207BFB418497}.Release|Any CPU.ActiveCfg = Release|Any CPU
		{A1C3E9CE-CBF8-440A-B887-207BFB418497}.Release|Any CPU.Build.0 = Release|Any CPU
		{A1C3E9CE-CBF8-440A-B887-207BFB418497}.Release|Any CPU.Deploy.0 = Release|Any CPU
		{A1C3E9CE-CBF8-440A-B887-207BFB418497}.Release|iPhone.ActiveCfg = Release|Any CPU
		{A1C3E9CE-CBF8-440A-B887-207BFB418497}.Release|iPhone.Build.0 = Release|Any CPU
		{A1C3E9CE-CBF8-440A-B887-207BFB418497}.Release|iPhone.Deploy.0 = Release|Any CPU
		{A1C3E9CE-CBF8-440A-B887-207BFB418497}.Release|iPhoneSimulator.ActiveCfg = Release|Any CPU
		{A1C3E9CE-CBF8-440A-B887-207BFB418497}.Release|iPhoneSimulator.Build.0 = Release|Any CPU
		{A1C3E9CE-CBF8-440A-B887-207BFB418497}.Release|iPhoneSimulator.Deploy.0 = Release|Any CPU
		{64E55193-3F9D-4535-88AC-057E88789ABE}.Ad-Hoc|Any CPU.ActiveCfg = Ad-Hoc|iPhone
		{64E55193-3F9D-4535-88AC-057E88789ABE}.Ad-Hoc|Any CPU.Build.0 = Ad-Hoc|iPhone
		{64E55193-3F9D-4535-88AC-057E88789ABE}.Ad-Hoc|Any CPU.Deploy.0 = Ad-Hoc|iPhone
		{64E55193-3F9D-4535-88AC-057E88789ABE}.Ad-Hoc|iPhone.ActiveCfg = Ad-Hoc|iPhone
		{64E55193-3F9D-4535-88AC-057E88789ABE}.Ad-Hoc|iPhone.Build.0 = Ad-Hoc|iPhone
		{64E55193-3F9D-4535-88AC-057E88789ABE}.Ad-Hoc|iPhone.Deploy.0 = Ad-Hoc|iPhone
		{64E55193-3F9D-4535-88AC-057E88789ABE}.Ad-Hoc|iPhoneSimulator.ActiveCfg = Ad-Hoc|iPhoneSimulator
		{64E55193-3F9D-4535-88AC-057E88789ABE}.Ad-Hoc|iPhoneSimulator.Build.0 = Ad-Hoc|iPhoneSimulator
		{64E55193-3F9D-4535-88AC-057E88789ABE}.Ad-Hoc|iPhoneSimulator.Deploy.0 = Ad-Hoc|iPhoneSimulator
		{64E55193-3F9D-4535-88AC-057E88789ABE}.AppStore|Any CPU.ActiveCfg = AppStore|iPhone
		{64E55193-3F9D-4535-88AC-057E88789ABE}.AppStore|Any CPU.Build.0 = AppStore|iPhone
		{64E55193-3F9D-4535-88AC-057E88789ABE}.AppStore|Any CPU.Deploy.0 = AppStore|iPhone
		{64E55193-3F9D-4535-88AC-057E88789ABE}.AppStore|iPhone.ActiveCfg = AppStore|iPhone
		{64E55193-3F9D-4535-88AC-057E88789ABE}.AppStore|iPhone.Build.0 = AppStore|iPhone
		{64E55193-3F9D-4535-88AC-057E88789ABE}.AppStore|iPhone.Deploy.0 = AppStore|iPhone
		{64E55193-3F9D-4535-88AC-057E88789ABE}.AppStore|iPhoneSimulator.ActiveCfg = AppStore|iPhoneSimulator
		{64E55193-3F9D-4535-88AC-057E88789ABE}.AppStore|iPhoneSimulator.Build.0 = AppStore|iPhoneSimulator
		{64E55193-3F9D-4535-88AC-057E88789ABE}.AppStore|iPhoneSimulator.Deploy.0 = AppStore|iPhoneSimulator
		{64E55193-3F9D-4535-88AC-057E88789ABE}.Debug|Any CPU.ActiveCfg = Debug|iPhoneSimulator
		{64E55193-3F9D-4535-88AC-057E88789ABE}.Debug|Any CPU.Build.0 = Debug|iPhoneSimulator
		{64E55193-3F9D-4535-88AC-057E88789ABE}.Debug|Any CPU.Deploy.0 = Debug|iPhoneSimulator
		{64E55193-3F9D-4535-88AC-057E88789ABE}.Debug|iPhone.ActiveCfg = Debug|iPhone
		{64E55193-3F9D-4535-88AC-057E88789ABE}.Debug|iPhone.Build.0 = Debug|iPhone
		{64E55193-3F9D-4535-88AC-057E88789ABE}.Debug|iPhone.Deploy.0 = Debug|iPhone
		{64E55193-3F9D-4535-88AC-057E88789ABE}.Debug|iPhoneSimulator.ActiveCfg = Debug|iPhoneSimulator
		{64E55193-3F9D-4535-88AC-057E88789ABE}.Debug|iPhoneSimulator.Build.0 = Debug|iPhoneSimulator
		{64E55193-3F9D-4535-88AC-057E88789ABE}.Debug|iPhoneSimulator.Deploy.0 = Debug|iPhoneSimulator
		{64E55193-3F9D-4535-88AC-057E88789ABE}.Release|Any CPU.ActiveCfg = Release|iPhone
		{64E55193-3F9D-4535-88AC-057E88789ABE}.Release|Any CPU.Build.0 = Release|iPhone
		{64E55193-3F9D-4535-88AC-057E88789ABE}.Release|Any CPU.Deploy.0 = Release|iPhone
		{64E55193-3F9D-4535-88AC-057E88789ABE}.Release|iPhone.ActiveCfg = Release|iPhone
		{64E55193-3F9D-4535-88AC-057E88789ABE}.Release|iPhone.Build.0 = Release|iPhone
		{64E55193-3F9D-4535-88AC-057E88789ABE}.Release|iPhone.Deploy.0 = Release|iPhone
		{64E55193-3F9D-4535-88AC-057E88789ABE}.Release|iPhoneSimulator.ActiveCfg = Release|iPhoneSimulator
		{64E55193-3F9D-4535-88AC-057E88789ABE}.Release|iPhoneSimulator.Build.0 = Release|iPhoneSimulator
		{64E55193-3F9D-4535-88AC-057E88789ABE}.Release|iPhoneSimulator.Deploy.0 = Release|iPhoneSimulator
		{92340C48-DEFB-41CB-8C23-33E3F9E6CB60}.Ad-Hoc|Any CPU.ActiveCfg = Debug|Any CPU
		{92340C48-DEFB-41CB-8C23-33E3F9E6CB60}.Ad-Hoc|Any CPU.Build.0 = Debug|Any CPU
		{92340C48-DEFB-41CB-8C23-33E3F9E6CB60}.Ad-Hoc|Any CPU.Deploy.0 = Debug|Any CPU
		{92340C48-DEFB-41CB-8C23-33E3F9E6CB60}.Ad-Hoc|iPhone.ActiveCfg = Debug|Any CPU
		{92340C48-DEFB-41CB-8C23-33E3F9E6CB60}.Ad-Hoc|iPhone.Build.0 = Debug|Any CPU
		{92340C48-DEFB-41CB-8C23-33E3F9E6CB60}.Ad-Hoc|iPhone.Deploy.0 = Debug|Any CPU
		{92340C48-DEFB-41CB-8C23-33E3F9E6CB60}.Ad-Hoc|iPhoneSimulator.ActiveCfg = Debug|Any CPU
		{92340C48-DEFB-41CB-8C23-33E3F9E6CB60}.Ad-Hoc|iPhoneSimulator.Build.0 = Debug|Any CPU
		{92340C48-DEFB-41CB-8C23-33E3F9E6CB60}.Ad-Hoc|iPhoneSimulator.Deploy.0 = Debug|Any CPU
		{92340C48-DEFB-41CB-8C23-33E3F9E6CB60}.AppStore|Any CPU.ActiveCfg = Debug|Any CPU
		{92340C48-DEFB-41CB-8C23-33E3F9E6CB60}.AppStore|Any CPU.Build.0 = Debug|Any CPU
		{92340C48-DEFB-41CB-8C23-33E3F9E6CB60}.AppStore|Any CPU.Deploy.0 = Debug|Any CPU
		{92340C48-DEFB-41CB-8C23-33E3F9E6CB60}.AppStore|iPhone.ActiveCfg = Debug|Any CPU
		{92340C48-DEFB-41CB-8C23-33E3F9E6CB60}.AppStore|iPhone.Build.0 = Debug|Any CPU
		{92340C48-DEFB-41CB-8C23-33E3F9E6CB60}.AppStore|iPhone.Deploy.0 = Debug|Any CPU
		{92340C48-DEFB-41CB-8C23-33E3F9E6CB60}.AppStore|iPhoneSimulator.ActiveCfg = Debug|Any CPU
		{92340C48-DEFB-41CB-8C23-33E3F9E6CB60}.AppStore|iPhoneSimulator.Build.0 = Debug|Any CPU
		{92340C48-DEFB-41CB-8C23-33E3F9E6CB60}.AppStore|iPhoneSimulator.Deploy.0 = Debug|Any CPU
		{92340C48-DEFB-41CB-8C23-33E3F9E6CB60}.Debug|Any CPU.ActiveCfg = Debug|Any CPU
		{92340C48-DEFB-41CB-8C23-33E3F9E6CB60}.Debug|Any CPU.Build.0 = Debug|Any CPU
		{92340C48-DEFB-41CB-8C23-33E3F9E6CB60}.Debug|Any CPU.Deploy.0 = Debug|Any CPU
		{92340C48-DEFB-41CB-8C23-33E3F9E6CB60}.Debug|iPhone.ActiveCfg = Debug|Any CPU
		{92340C48-DEFB-41CB-8C23-33E3F9E6CB60}.Debug|iPhone.Build.0 = Debug|Any CPU
		{92340C48-DEFB-41CB-8C23-33E3F9E6CB60}.Debug|iPhone.Deploy.0 = Debug|Any CPU
		{92340C48-DEFB-41CB-8C23-33E3F9E6CB60}.Debug|iPhoneSimulator.ActiveCfg = Debug|Any CPU
		{92340C48-DEFB-41CB-8C23-33E3F9E6CB60}.Debug|iPhoneSimulator.Build.0 = Debug|Any CPU
		{92340C48-DEFB-41CB-8C23-33E3F9E6CB60}.Debug|iPhoneSimulator.Deploy.0 = Debug|Any CPU
		{92340C48-DEFB-41CB-8C23-33E3F9E6CB60}.Release|Any CPU.ActiveCfg = Release|Any CPU
		{92340C48-DEFB-41CB-8C23-33E3F9E6CB60}.Release|Any CPU.Build.0 = Release|Any CPU
		{92340C48-DEFB-41CB-8C23-33E3F9E6CB60}.Release|Any CPU.Deploy.0 = Release|Any CPU
		{92340C48-DEFB-41CB-8C23-33E3F9E6CB60}.Release|iPhone.ActiveCfg = Release|Any CPU
		{92340C48-DEFB-41CB-8C23-33E3F9E6CB60}.Release|iPhone.Build.0 = Release|Any CPU
		{92340C48-DEFB-41CB-8C23-33E3F9E6CB60}.Release|iPhone.Deploy.0 = Release|Any CPU
		{92340C48-DEFB-41CB-8C23-33E3F9E6CB60}.Release|iPhoneSimulator.ActiveCfg = Release|Any CPU
		{92340C48-DEFB-41CB-8C23-33E3F9E6CB60}.Release|iPhoneSimulator.Build.0 = Release|Any CPU
		{92340C48-DEFB-41CB-8C23-33E3F9E6CB60}.Release|iPhoneSimulator.Deploy.0 = Release|Any CPU
	EndGlobalSection
	GlobalSection(SolutionProperties) = preSolution
		HideSolutionNode = FALSE
	EndGlobalSection
	GlobalSection(ExtensibilityGlobals) = postSolution
		SolutionGuid = {9F01354E-768B-4A6C-8282-982853D5557C}
	EndGlobalSection
EndGlobal
